// !$*UTF8*$!
{
	archiveVersion = 1;
	classes = {
	};
	objectVersion = 46;
	objects = {

/* Begin PBXBuildFile section */
		01A8DB6E197480F1009092E4 /* SessionController.m in Sources */ = {isa = PBXBuildFile; fileRef = 01A8DB6D197480F1009092E4 /* SessionController.m */; };
		01C42C95195B1362001634D0 /* Foundation.framework in Frameworks */ = {isa = PBXBuildFile; fileRef = 01C42C94195B1362001634D0 /* Foundation.framework */; };
		01C42C97195B1362001634D0 /* CoreGraphics.framework in Frameworks */ = {isa = PBXBuildFile; fileRef = 01C42C96195B1362001634D0 /* CoreGraphics.framework */; };
		01C42C99195B1362001634D0 /* UIKit.framework in Frameworks */ = {isa = PBXBuildFile; fileRef = 01C42C98195B1362001634D0 /* UIKit.framework */; };
		01C42C9F195B1362001634D0 /* InfoPlist.strings in Resources */ = {isa = PBXBuildFile; fileRef = 01C42C9D195B1362001634D0 /* InfoPlist.strings */; };
		01C42CA1195B1362001634D0 /* main.m in Sources */ = {isa = PBXBuildFile; fileRef = 01C42CA0195B1362001634D0 /* main.m */; };
		01C42CA5195B1362001634D0 /* TD4WAppDelegate.m in Sources */ = {isa = PBXBuildFile; fileRef = 01C42CA4195B1362001634D0 /* TD4WAppDelegate.m */; };
		01C42CA8195B1362001634D0 /* Main_iPhone.storyboard in Resources */ = {isa = PBXBuildFile; fileRef = 01C42CA6195B1362001634D0 /* Main_iPhone.storyboard */; };
		01C42CAE195B1362001634D0 /* TD4WViewController.m in Sources */ = {isa = PBXBuildFile; fileRef = 01C42CAD195B1362001634D0 /* TD4WViewController.m */; };
		01C42CB0195B1362001634D0 /* Images.xcassets in Resources */ = {isa = PBXBuildFile; fileRef = 01C42CAF195B1362001634D0 /* Images.xcassets */; };
		01C42CCD195B14DE001634D0 /* iAd.framework in Frameworks */ = {isa = PBXBuildFile; fileRef = 01C42CCC195B14DE001634D0 /* iAd.framework */; };
		01C42CCF195B1912001634D0 /* td4w.mp3 in Resources */ = {isa = PBXBuildFile; fileRef = 01C42CCE195B1912001634D0 /* td4w.mp3 */; };
		01C42CD1195B1971001634D0 /* AVFoundation.framework in Frameworks */ = {isa = PBXBuildFile; fileRef = 01C42CD0195B1971001634D0 /* AVFoundation.framework */; };
		01D88B3619815E290098103F /* TD4WTranslationCell.m in Sources */ = {isa = PBXBuildFile; fileRef = 01D88B3519815E290098103F /* TD4WTranslationCell.m */; };
		01D88B3C1981691F0098103F /* GradientView.m in Sources */ = {isa = PBXBuildFile; fileRef = 01D88B3B1981691F0098103F /* GradientView.m */; };
		01E95696198149A600DA62BD /* TD4WTranslationViewController.m in Sources */ = {isa = PBXBuildFile; fileRef = 01E95695198149A600DA62BD /* TD4WTranslationViewController.m */; };
		01FD7CD1197431D40073B3EB /* MultipeerConnectivity.framework in Frameworks */ = {isa = PBXBuildFile; fileRef = 01FD7CD0197431D40073B3EB /* MultipeerConnectivity.framework */; };
		4F050F3F14344258B1333A47 /* libPods-TD4WButton.a in Frameworks */ = {isa = PBXBuildFile; fileRef = BB6C4B048F8145028C6B3044 /* libPods-TD4WButton.a */; };
/* End PBXBuildFile section */

/* Begin PBXFileReference section */
		01A8DB6C197480F1009092E4 /* SessionController.h */ = {isa = PBXFileReference; fileEncoding = 4; lastKnownFileType = sourcecode.c.h; path = SessionController.h; sourceTree = "<group>"; };
		01A8DB6D197480F1009092E4 /* SessionController.m */ = {isa = PBXFileReference; fileEncoding = 4; lastKnownFileType = sourcecode.c.objc; path = SessionController.m; sourceTree = "<group>"; };
		01C42C91195B1362001634D0 /* TD4WButton.app */ = {isa = PBXFileReference; explicitFileType = wrapper.application; includeInIndex = 0; path = TD4WButton.app; sourceTree = BUILT_PRODUCTS_DIR; };
		01C42C94195B1362001634D0 /* Foundation.framework */ = {isa = PBXFileReference; lastKnownFileType = wrapper.framework; name = Foundation.framework; path = System/Library/Frameworks/Foundation.framework; sourceTree = SDKROOT; };
		01C42C96195B1362001634D0 /* CoreGraphics.framework */ = {isa = PBXFileReference; lastKnownFileType = wrapper.framework; name = CoreGraphics.framework; path = System/Library/Frameworks/CoreGraphics.framework; sourceTree = SDKROOT; };
		01C42C98195B1362001634D0 /* UIKit.framework */ = {isa = PBXFileReference; lastKnownFileType = wrapper.framework; name = UIKit.framework; path = System/Library/Frameworks/UIKit.framework; sourceTree = SDKROOT; };
		01C42C9C195B1362001634D0 /* TD4WButton-Info.plist */ = {isa = PBXFileReference; lastKnownFileType = text.plist.xml; path = "TD4WButton-Info.plist"; sourceTree = "<group>"; };
		01C42C9E195B1362001634D0 /* en */ = {isa = PBXFileReference; lastKnownFileType = text.plist.strings; name = en; path = en.lproj/InfoPlist.strings; sourceTree = "<group>"; };
		01C42CA0195B1362001634D0 /* main.m */ = {isa = PBXFileReference; lastKnownFileType = sourcecode.c.objc; path = main.m; sourceTree = "<group>"; };
		01C42CA2195B1362001634D0 /* TD4WButton-Prefix.pch */ = {isa = PBXFileReference; lastKnownFileType = sourcecode.c.h; path = "TD4WButton-Prefix.pch"; sourceTree = "<group>"; };
		01C42CA3195B1362001634D0 /* TD4WAppDelegate.h */ = {isa = PBXFileReference; lastKnownFileType = sourcecode.c.h; path = TD4WAppDelegate.h; sourceTree = "<group>"; };
		01C42CA4195B1362001634D0 /* TD4WAppDelegate.m */ = {isa = PBXFileReference; lastKnownFileType = sourcecode.c.objc; path = TD4WAppDelegate.m; sourceTree = "<group>"; };
		01C42CA7195B1362001634D0 /* Base */ = {isa = PBXFileReference; lastKnownFileType = file.storyboard; name = Base; path = Base.lproj/Main_iPhone.storyboard; sourceTree = "<group>"; };
		01C42CAC195B1362001634D0 /* TD4WViewController.h */ = {isa = PBXFileReference; lastKnownFileType = sourcecode.c.h; path = TD4WViewController.h; sourceTree = "<group>"; };
		01C42CAD195B1362001634D0 /* TD4WViewController.m */ = {isa = PBXFileReference; lastKnownFileType = sourcecode.c.objc; path = TD4WViewController.m; sourceTree = "<group>"; };
		01C42CAF195B1362001634D0 /* Images.xcassets */ = {isa = PBXFileReference; lastKnownFileType = folder.assetcatalog; path = Images.xcassets; sourceTree = "<group>"; };
		01C42CB6195B1362001634D0 /* XCTest.framework */ = {isa = PBXFileReference; lastKnownFileType = wrapper.framework; name = XCTest.framework; path = Library/Frameworks/XCTest.framework; sourceTree = DEVELOPER_DIR; };
		01C42CCC195B14DE001634D0 /* iAd.framework */ = {isa = PBXFileReference; lastKnownFileType = wrapper.framework; name = iAd.framework; path = System/Library/Frameworks/iAd.framework; sourceTree = SDKROOT; };
		01C42CCE195B1912001634D0 /* td4w.mp3 */ = {isa = PBXFileReference; lastKnownFileType = audio.mp3; path = td4w.mp3; sourceTree = "<group>"; };
		01C42CD0195B1971001634D0 /* AVFoundation.framework */ = {isa = PBXFileReference; lastKnownFileType = wrapper.framework; name = AVFoundation.framework; path = System/Library/Frameworks/AVFoundation.framework; sourceTree = SDKROOT; };
		01D88B3419815E290098103F /* TD4WTranslationCell.h */ = {isa = PBXFileReference; fileEncoding = 4; lastKnownFileType = sourcecode.c.h; path = TD4WTranslationCell.h; sourceTree = "<group>"; };
		01D88B3519815E290098103F /* TD4WTranslationCell.m */ = {isa = PBXFileReference; fileEncoding = 4; lastKnownFileType = sourcecode.c.objc; path = TD4WTranslationCell.m; sourceTree = "<group>"; };
		01D88B3A1981691F0098103F /* GradientView.h */ = {isa = PBXFileReference; fileEncoding = 4; lastKnownFileType = sourcecode.c.h; path = GradientView.h; sourceTree = "<group>"; };
		01D88B3B1981691F0098103F /* GradientView.m */ = {isa = PBXFileReference; fileEncoding = 4; lastKnownFileType = sourcecode.c.objc; path = GradientView.m; sourceTree = "<group>"; };
		01E95694198149A600DA62BD /* TD4WTranslationViewController.h */ = {isa = PBXFileReference; fileEncoding = 4; lastKnownFileType = sourcecode.c.h; path = TD4WTranslationViewController.h; sourceTree = "<group>"; };
		01E95695198149A600DA62BD /* TD4WTranslationViewController.m */ = {isa = PBXFileReference; fileEncoding = 4; lastKnownFileType = sourcecode.c.objc; path = TD4WTranslationViewController.m; sourceTree = "<group>"; };
		01FD7CD0197431D40073B3EB /* MultipeerConnectivity.framework */ = {isa = PBXFileReference; lastKnownFileType = wrapper.framework; name = MultipeerConnectivity.framework; path = System/Library/Frameworks/MultipeerConnectivity.framework; sourceTree = SDKROOT; };
		5F65DEAF63DE41EFAEA30965 /* Pods-TD4WButton.xcconfig */ = {isa = PBXFileReference; includeInIndex = 1; lastKnownFileType = text.xcconfig; name = "Pods-TD4WButton.xcconfig"; path = "Pods/Pods-TD4WButton.xcconfig"; sourceTree = "<group>"; };
		BB6C4B048F8145028C6B3044 /* libPods-TD4WButton.a */ = {isa = PBXFileReference; explicitFileType = archive.ar; includeInIndex = 0; path = "libPods-TD4WButton.a"; sourceTree = BUILT_PRODUCTS_DIR; };
/* End PBXFileReference section */

/* Begin PBXFrameworksBuildPhase section */
		01C42C8E195B1362001634D0 /* Frameworks */ = {
			isa = PBXFrameworksBuildPhase;
			buildActionMask = 2147483647;
			files = (
				01FD7CD1197431D40073B3EB /* MultipeerConnectivity.framework in Frameworks */,
				01C42CD1195B1971001634D0 /* AVFoundation.framework in Frameworks */,
				01C42CCD195B14DE001634D0 /* iAd.framework in Frameworks */,
				01C42C97195B1362001634D0 /* CoreGraphics.framework in Frameworks */,
				01C42C99195B1362001634D0 /* UIKit.framework in Frameworks */,
				01C42C95195B1362001634D0 /* Foundation.framework in Frameworks */,
				4F050F3F14344258B1333A47 /* libPods-TD4WButton.a in Frameworks */,
			);
			runOnlyForDeploymentPostprocessing = 0;
		};
/* End PBXFrameworksBuildPhase section */

/* Begin PBXGroup section */
		01B95AE919756AB500E110AC /* SessionController */ = {
			isa = PBXGroup;
			children = (
				01A8DB6C197480F1009092E4 /* SessionController.h */,
				01A8DB6D197480F1009092E4 /* SessionController.m */,
			);
			name = SessionController;
			sourceTree = "<group>";
		};
		01B95AEA19756ADD00E110AC /* Resources */ = {
			isa = PBXGroup;
			children = (
				01C42CAF195B1362001634D0 /* Images.xcassets */,
				01C42CCE195B1912001634D0 /* td4w.mp3 */,
			);
			name = Resources;
			sourceTree = "<group>";
		};
		01B95AEB19756AEB00E110AC /* UI */ = {
			isa = PBXGroup;
			children = (
				01C42CA6195B1362001634D0 /* Main_iPhone.storyboard */,
			);
			name = UI;
			sourceTree = "<group>";
		};
		01C42C88195B1362001634D0 = {
			isa = PBXGroup;
			children = (
				01C42C9A195B1362001634D0 /* TD4WButton */,
				01C42C93195B1362001634D0 /* Frameworks */,
				01C42C92195B1362001634D0 /* Products */,
				5F65DEAF63DE41EFAEA30965 /* Pods-TD4WButton.xcconfig */,
			);
			sourceTree = "<group>";
		};
		01C42C92195B1362001634D0 /* Products */ = {
			isa = PBXGroup;
			children = (
				01C42C91195B1362001634D0 /* TD4WButton.app */,
			);
			name = Products;
			sourceTree = "<group>";
		};
		01C42C93195B1362001634D0 /* Frameworks */ = {
			isa = PBXGroup;
			children = (
				01FD7CD0197431D40073B3EB /* MultipeerConnectivity.framework */,
				01C42CD0195B1971001634D0 /* AVFoundation.framework */,
				01C42CCC195B14DE001634D0 /* iAd.framework */,
				01C42C94195B1362001634D0 /* Foundation.framework */,
				01C42C96195B1362001634D0 /* CoreGraphics.framework */,
				01C42C98195B1362001634D0 /* UIKit.framework */,
				01C42CB6195B1362001634D0 /* XCTest.framework */,
				BB6C4B048F8145028C6B3044 /* libPods-TD4WButton.a */,
			);
			name = Frameworks;
			sourceTree = "<group>";
		};
		01C42C9A195B1362001634D0 /* TD4WButton */ = {
			isa = PBXGroup;
			children = (
				01C42CA3195B1362001634D0 /* TD4WAppDelegate.h */,
				01C42CA4195B1362001634D0 /* TD4WAppDelegate.m */,
				01B95AEB19756AEB00E110AC /* UI */,
				01D88B38198168EE0098103F /* View Controllers */,
				01D88B39198168FF0098103F /* Views */,
				01B95AE919756AB500E110AC /* SessionController */,
				01B95AEA19756ADD00E110AC /* Resources */,
				01C42C9B195B1362001634D0 /* Supporting Files */,
			);
			path = TD4WButton;
			sourceTree = "<group>";
		};
		01C42C9B195B1362001634D0 /* Supporting Files */ = {
			isa = PBXGroup;
			children = (
				01C42C9C195B1362001634D0 /* TD4WButton-Info.plist */,
				01C42C9D195B1362001634D0 /* InfoPlist.strings */,
				01C42CA0195B1362001634D0 /* main.m */,
				01C42CA2195B1362001634D0 /* TD4WButton-Prefix.pch */,
			);
			name = "Supporting Files";
			sourceTree = "<group>";
		};
		01D88B38198168EE0098103F /* View Controllers */ = {
			isa = PBXGroup;
			children = (
				01C42CAC195B1362001634D0 /* TD4WViewController.h */,
				01C42CAD195B1362001634D0 /* TD4WViewController.m */,
				01E95694198149A600DA62BD /* TD4WTranslationViewController.h */,
				01E95695198149A600DA62BD /* TD4WTranslationViewController.m */,
			);
			name = "View Controllers";
			sourceTree = "<group>";
		};
		01D88B39198168FF0098103F /* Views */ = {
			isa = PBXGroup;
			children = (
				01D88B3A1981691F0098103F /* GradientView.h */,
				01D88B3B1981691F0098103F /* GradientView.m */,
				01D88B3419815E290098103F /* TD4WTranslationCell.h */,
				01D88B3519815E290098103F /* TD4WTranslationCell.m */,
			);
			name = Views;
			sourceTree = "<group>";
		};
/* End PBXGroup section */

/* Begin PBXNativeTarget section */
		01C42C90195B1362001634D0 /* TD4WButton */ = {
			isa = PBXNativeTarget;
			buildConfigurationList = 01C42CC6195B1362001634D0 /* Build configuration list for PBXNativeTarget "TD4WButton" */;
			buildPhases = (
				04176DB6274D44739A6D08FA /* Check Pods Manifest.lock */,
				01C42C8D195B1362001634D0 /* Sources */,
				01C42C8E195B1362001634D0 /* Frameworks */,
				01C42C8F195B1362001634D0 /* Resources */,
				B38239AA9036467B9D62C158 /* Copy Pods Resources */,
			);
			buildRules = (
			);
			dependencies = (
			);
			name = TD4WButton;
			productName = TD4WButton;
			productReference = 01C42C91195B1362001634D0 /* TD4WButton.app */;
			productType = "com.apple.product-type.application";
		};
/* End PBXNativeTarget section */

/* Begin PBXProject section */
		01C42C89195B1362001634D0 /* Project object */ = {
			isa = PBXProject;
			attributes = {
				CLASSPREFIX = TD4W;
				LastUpgradeCheck = 0510;
				ORGANIZATIONNAME = "JM Apps";
				TargetAttributes = {
					01C42C90195B1362001634D0 = {
						DevelopmentTeam = X4WMF529W9;
					};
				};
			};
			buildConfigurationList = 01C42C8C195B1362001634D0 /* Build configuration list for PBXProject "TD4WButton" */;
			compatibilityVersion = "Xcode 3.2";
			developmentRegion = English;
			hasScannedForEncodings = 0;
			knownRegions = (
				en,
				Base,
			);
			mainGroup = 01C42C88195B1362001634D0;
			productRefGroup = 01C42C92195B1362001634D0 /* Products */;
			projectDirPath = "";
			projectRoot = "";
			targets = (
				01C42C90195B1362001634D0 /* TD4WButton */,
			);
		};
/* End PBXProject section */

/* Begin PBXResourcesBuildPhase section */
		01C42C8F195B1362001634D0 /* Resources */ = {
			isa = PBXResourcesBuildPhase;
			buildActionMask = 2147483647;
			files = (
				01C42CB0195B1362001634D0 /* Images.xcassets in Resources */,
				01C42CCF195B1912001634D0 /* td4w.mp3 in Resources */,
				01C42CA8195B1362001634D0 /* Main_iPhone.storyboard in Resources */,
				01C42C9F195B1362001634D0 /* InfoPlist.strings in Resources */,
			);
			runOnlyForDeploymentPostprocessing = 0;
		};
/* End PBXResourcesBuildPhase section */

/* Begin PBXShellScriptBuildPhase section */
		04176DB6274D44739A6D08FA /* Check Pods Manifest.lock */ = {
			isa = PBXShellScriptBuildPhase;
			buildActionMask = 2147483647;
			files = (
			);
			inputPaths = (
			);
			name = "Check Pods Manifest.lock";
			outputPaths = (
			);
			runOnlyForDeploymentPostprocessing = 0;
			shellPath = /bin/sh;
			shellScript = "diff \"${PODS_ROOT}/../Podfile.lock\" \"${PODS_ROOT}/Manifest.lock\" > /dev/null\nif [[ $? != 0 ]] ; then\n    cat << EOM\nerror: The sandbox is not in sync with the Podfile.lock. Run 'pod install' or update your CocoaPods installation.\nEOM\n    exit 1\nfi\n";
			showEnvVarsInLog = 0;
		};
		B38239AA9036467B9D62C158 /* Copy Pods Resources */ = {
			isa = PBXShellScriptBuildPhase;
			buildActionMask = 2147483647;
			files = (
			);
			inputPaths = (
			);
			name = "Copy Pods Resources";
			outputPaths = (
			);
			runOnlyForDeploymentPostprocessing = 0;
			shellPath = /bin/sh;
			shellScript = "\"${SRCROOT}/Pods/Pods-TD4WButton-resources.sh\"\n";
			showEnvVarsInLog = 0;
		};
/* End PBXShellScriptBuildPhase section */

/* Begin PBXSourcesBuildPhase section */
		01C42C8D195B1362001634D0 /* Sources */ = {
			isa = PBXSourcesBuildPhase;
			buildActionMask = 2147483647;
			files = (
				01D88B3619815E290098103F /* TD4WTranslationCell.m in Sources */,
				01C42CAE195B1362001634D0 /* TD4WViewController.m in Sources */,
				01C42CA1195B1362001634D0 /* main.m in Sources */,
				01D88B3C1981691F0098103F /* GradientView.m in Sources */,
				01A8DB6E197480F1009092E4 /* SessionController.m in Sources */,
				01E95696198149A600DA62BD /* TD4WTranslationViewController.m in Sources */,
				01C42CA5195B1362001634D0 /* TD4WAppDelegate.m in Sources */,
			);
			runOnlyForDeploymentPostprocessing = 0;
		};
/* End PBXSourcesBuildPhase section */

/* Begin PBXVariantGroup section */
		01C42C9D195B1362001634D0 /* InfoPlist.strings */ = {
			isa = PBXVariantGroup;
			children = (
				01C42C9E195B1362001634D0 /* en */,
			);
			name = InfoPlist.strings;
			sourceTree = "<group>";
		};
		01C42CA6195B1362001634D0 /* Main_iPhone.storyboard */ = {
			isa = PBXVariantGroup;
			children = (
				01C42CA7195B1362001634D0 /* Base */,
			);
			name = Main_iPhone.storyboard;
			sourceTree = "<group>";
		};
/* End PBXVariantGroup section */

/* Begin XCBuildConfiguration section */
		01C42CC4195B1362001634D0 /* Debug */ = {
			isa = XCBuildConfiguration;
			buildSettings = {
				ALWAYS_SEARCH_USER_PATHS = NO;
				CLANG_CXX_LANGUAGE_STANDARD = "gnu++0x";
				CLANG_CXX_LIBRARY = "libc++";
				CLANG_ENABLE_MODULES = YES;
				CLANG_ENABLE_OBJC_ARC = YES;
				CLANG_WARN_BOOL_CONVERSION = YES;
				CLANG_WARN_CONSTANT_CONVERSION = YES;
				CLANG_WARN_DIRECT_OBJC_ISA_USAGE = YES_ERROR;
				CLANG_WARN_EMPTY_BODY = YES;
				CLANG_WARN_ENUM_CONVERSION = YES;
				CLANG_WARN_INT_CONVERSION = YES;
				CLANG_WARN_OBJC_ROOT_CLASS = YES_ERROR;
				CLANG_WARN__DUPLICATE_METHOD_MATCH = YES;
				"CODE_SIGN_IDENTITY[sdk=iphoneos*]" = "iPhone Developer";
				COPY_PHASE_STRIP = NO;
				GCC_C_LANGUAGE_STANDARD = gnu99;
				GCC_DYNAMIC_NO_PIC = NO;
				GCC_OPTIMIZATION_LEVEL = 0;
				GCC_PREPROCESSOR_DEFINITIONS = (
					"DEBUG=1",
					"$(inherited)",
				);
				GCC_SYMBOLS_PRIVATE_EXTERN = NO;
				GCC_WARN_64_TO_32_BIT_CONVERSION = YES;
				GCC_WARN_ABOUT_RETURN_TYPE = YES_ERROR;
				GCC_WARN_UNDECLARED_SELECTOR = YES;
				GCC_WARN_UNINITIALIZED_AUTOS = YES_AGGRESSIVE;
				GCC_WARN_UNUSED_FUNCTION = YES;
				GCC_WARN_UNUSED_VARIABLE = YES;
				IPHONEOS_DEPLOYMENT_TARGET = 7.1;
				ONLY_ACTIVE_ARCH = YES;
				SDKROOT = iphoneos;
				TARGETED_DEVICE_FAMILY = "1,2";
			};
			name = Debug;
		};
		01C42CC5195B1362001634D0 /* Release */ = {
			isa = XCBuildConfiguration;
			buildSettings = {
				ALWAYS_SEARCH_USER_PATHS = NO;
				CLANG_CXX_LANGUAGE_STANDARD = "gnu++0x";
				CLANG_CXX_LIBRARY = "libc++";
				CLANG_ENABLE_MODULES = YES;
				CLANG_ENABLE_OBJC_ARC = YES;
				CLANG_WARN_BOOL_CONVERSION = YES;
				CLANG_WARN_CONSTANT_CONVERSION = YES;
				CLANG_WARN_DIRECT_OBJC_ISA_USAGE = YES_ERROR;
				CLANG_WARN_EMPTY_BODY = YES;
				CLANG_WARN_ENUM_CONVERSION = YES;
				CLANG_WARN_INT_CONVERSION = YES;
				CLANG_WARN_OBJC_ROOT_CLASS = YES_ERROR;
				CLANG_WARN__DUPLICATE_METHOD_MATCH = YES;
				"CODE_SIGN_IDENTITY[sdk=iphoneos*]" = "iPhone Developer";
				COPY_PHASE_STRIP = YES;
				ENABLE_NS_ASSERTIONS = NO;
				GCC_C_LANGUAGE_STANDARD = gnu99;
				GCC_WARN_64_TO_32_BIT_CONVERSION = YES;
				GCC_WARN_ABOUT_RETURN_TYPE = YES_ERROR;
				GCC_WARN_UNDECLARED_SELECTOR = YES;
				GCC_WARN_UNINITIALIZED_AUTOS = YES_AGGRESSIVE;
				GCC_WARN_UNUSED_FUNCTION = YES;
				GCC_WARN_UNUSED_VARIABLE = YES;
				IPHONEOS_DEPLOYMENT_TARGET = 7.1;
				SDKROOT = iphoneos;
				TARGETED_DEVICE_FAMILY = "1,2";
				VALIDATE_PRODUCT = YES;
			};
			name = Release;
		};
		01C42CC7195B1362001634D0 /* Debug */ = {
			isa = XCBuildConfiguration;
			baseConfigurationReference = 5F65DEAF63DE41EFAEA30965 /* Pods-TD4WButton.xcconfig */;
			buildSettings = {
				ASSETCATALOG_COMPILER_APPICON_NAME = AppIcon;
				ASSETCATALOG_COMPILER_LAUNCHIMAGE_NAME = LaunchImage;
				CODE_SIGN_IDENTITY = "iPhone Developer";
				"CODE_SIGN_IDENTITY[sdk=iphoneos*]" = "iPhone Developer";
				GCC_PRECOMPILE_PREFIX_HEADER = YES;
				GCC_PREFIX_HEADER = "TD4WButton/TD4WButton-Prefix.pch";
				INFOPLIST_FILE = "TD4WButton/TD4WButton-Info.plist";
				IPHONEOS_DEPLOYMENT_TARGET = 7.0;
				PRODUCT_NAME = "$(TARGET_NAME)";
				PROVISIONING_PROFILE = "";
				TARGETED_DEVICE_FAMILY = 1;
				WRAPPER_EXTENSION = app;
			};
			name = Debug;
		};
		01C42CC8195B1362001634D0 /* Release */ = {
			isa = XCBuildConfiguration;
			baseConfigurationReference = 5F65DEAF63DE41EFAEA30965 /* Pods-TD4WButton.xcconfig */;
			buildSettings = {
				ASSETCATALOG_COMPILER_APPICON_NAME = AppIcon;
				ASSETCATALOG_COMPILER_LAUNCHIMAGE_NAME = LaunchImage;
				CODE_SIGN_IDENTITY = "iPhone Developer";
				"CODE_SIGN_IDENTITY[sdk=iphoneos*]" = "iPhone Developer";
				GCC_PRECOMPILE_PREFIX_HEADER = YES;
				GCC_PREFIX_HEADER = "TD4WButton/TD4WButton-Prefix.pch";
				INFOPLIST_FILE = "TD4WButton/TD4WButton-Info.plist";
				IPHONEOS_DEPLOYMENT_TARGET = 7.0;
				PRODUCT_NAME = "$(TARGET_NAME)";
				PROVISIONING_PROFILE = "";
				TARGETED_DEVICE_FAMILY = 1;
				WRAPPER_EXTENSION = app;
			};
			name = Release;
		};
/* End XCBuildConfiguration section */

/* Begin XCConfigurationList section */
		01C42C8C195B1362001634D0 /* Build configuration list for PBXProject "TD4WButton" */ = {
			isa = XCConfigurationList;
			buildConfigurations = (
				01C42CC4195B1362001634D0 /* Debug */,
				01C42CC5195B1362001634D0 /* Release */,
			);
			defaultConfigurationIsVisible = 0;
			defaultConfigurationName = Release;
		};
		01C42CC6195B1362001634D0 /* Build configuration list for PBXNativeTarget "TD4WButton" */ = {
			isa = XCConfigurationList;
			buildConfigurations = (
				01C42CC7195B1362001634D0 /* Debug */,
				01C42CC8195B1362001634D0 /* Release */,
			);
			defaultConfigurationIsVisible = 0;
			defaultConfigurationName = Release;
		};
/* End XCConfigurationList section */
	};
	rootObject = 01C42C89195B1362001634D0 /* Project object */;
}
